
Microsoft Visual Studio Solution File, Format Version 12.00
# Visual Studio Version 16
VisualStudioVersion = 16.0.30611.23
MinimumVisualStudioVersion = 10.0.40219.1
Project("{FAE04EC0-301F-11D3-BF4B-00C04F79EFBC}") = "DimensionWebApp", "DimensionWebApp\DimensionWebApp.csproj", "{547492AD-1A6B-4D24-A0D6-05FB05470977}"
EndProject
Global
	GlobalSection(SolutionConfigurationPlatforms) = preSolution
		Debug|Any CPU = Debug|Any CPU
		Release|Any CPU = Release|Any CPU
	EndGlobalSection
	GlobalSection(ProjectConfigurationPlatforms) = postSolution
		{547492AD-1A6B-4D24-A0D6-05FB05470977}.Debug|Any CPU.ActiveCfg = Debug|Any CPU
		{547492AD-1A6B-4D24-A0D6-05FB05470977}.Debug|Any CPU.Build.0 = Debug|Any CPU
		{547492AD-1A6B-4D24-A0D6-05FB05470977}.Release|Any CPU.ActiveCfg = Release|Any CPU
		{547492AD-1A6B-4D24-A0D6-05FB05470977}.Release|Any CPU.Build.0 = Release|Any CPU
	EndGlobalSection
	GlobalSection(SolutionProperties) = preSolution
		HideSolutionNode = FALSE
	EndGlobalSection
	GlobalSection(ExtensibilityGlobals) = postSolution
		SolutionGuid = {EDC76709-FD6D-4F03-8693-4CDF2F1C15F3}
	EndGlobalSection
EndGlobal
